
Microsoft Visual Studio Solution File, Format Version 12.00
# Visual Studio 15
VisualStudioVersion = 15.0.27703.2000
MinimumVisualStudioVersion = 10.0.40219.1
Project("{FAE04EC0-301F-11D3-BF4B-00C04F79EFBC}") = "DebugDemo", "DebugDemo\DebugDemo.csproj", "{BC35FFC5-F462-4754-9B83-65D02D9A194C}"
EndProject
Project("{FAE04EC0-301F-11D3-BF4B-00C04F79EFBC}") = "Variables", "Variables\Variables.csproj", "{A7476197-AEEA-4D05-A115-7FEC43E44970}"
EndProject
Project("{FAE04EC0-301F-11D3-BF4B-00C04F79EFBC}") = "SkrivTilFil", "SkrivTilFil\SkrivTilFil.csproj", "{86B3385C-2F71-40C2-BB58-8FE4EAD7C4FF}"
EndProject
Project("{FAE04EC0-301F-11D3-BF4B-00C04F79EFBC}") = "DatoOpgave", "DatoOpgave\DatoOpgave.csproj", "{471D38C8-6CA6-423D-B29F-6C3534FB1DE3}"
EndProject
Project("{FAE04EC0-301F-11D3-BF4B-00C04F79EFBC}") = "Ref-Opgave", "Ref-Opgave\Ref-Opgave.csproj", "{81F499D9-E3C2-431E-84A5-2D051F89C46D}"
EndProject
Project("{FAE04EC0-301F-11D3-BF4B-00C04F79EFBC}") = "Strenge-leg", "Strenge-leg\Strenge-leg.csproj", "{575D35DC-2DD8-4391-A37B-A506D4F13EC3}"
EndProject
Project("{FAE04EC0-301F-11D3-BF4B-00C04F79EFBC}") = "Lav-10-tabel", "Lav-10-tabel\Lav-10-tabel.csproj", "{044D57AB-337D-4443-BE0B-085069F52787}"
EndProject
Project("{FAE04EC0-301F-11D3-BF4B-00C04F79EFBC}") = "OverLoad-af-funktion", "OverLoad-af-funktion\OverLoad-af-funktion.csproj", "{25F4AC4A-A7CD-4B82-96A5-1D2DAFC00B3C}"
EndProject
Project("{FAE04EC0-301F-11D3-BF4B-00C04F79EFBC}") = "Array-opgave", "Array-opgave\Array-opgave.csproj", "{375B3C74-7737-46F8-8F27-02239EB4E548}"
EndProject
Global
	GlobalSection(SolutionConfigurationPlatforms) = preSolution
		Debug|Any CPU = Debug|Any CPU
		Release|Any CPU = Release|Any CPU
	EndGlobalSection
	GlobalSection(ProjectConfigurationPlatforms) = postSolution
		{BC35FFC5-F462-4754-9B83-65D02D9A194C}.Debug|Any CPU.ActiveCfg = Debug|Any CPU
		{BC35FFC5-F462-4754-9B83-65D02D9A194C}.Debug|Any CPU.Build.0 = Debug|Any CPU
		{BC35FFC5-F462-4754-9B83-65D02D9A194C}.Release|Any CPU.ActiveCfg = Release|Any CPU
		{BC35FFC5-F462-4754-9B83-65D02D9A194C}.Release|Any CPU.Build.0 = Release|Any CPU
		{A7476197-AEEA-4D05-A115-7FEC43E44970}.Debug|Any CPU.ActiveCfg = Debug|Any CPU
		{A7476197-AEEA-4D05-A115-7FEC43E44970}.Debug|Any CPU.Build.0 = Debug|Any CPU
		{A7476197-AEEA-4D05-A115-7FEC43E44970}.Release|Any CPU.ActiveCfg = Release|Any CPU
		{A7476197-AEEA-4D05-A115-7FEC43E44970}.Release|Any CPU.Build.0 = Release|Any CPU
		{86B3385C-2F71-40C2-BB58-8FE4EAD7C4FF}.Debug|Any CPU.ActiveCfg = Debug|Any CPU
		{86B3385C-2F71-40C2-BB58-8FE4EAD7C4FF}.Debug|Any CPU.Build.0 = Debug|Any CPU
		{86B3385C-2F71-40C2-BB58-8FE4EAD7C4FF}.Release|Any CPU.ActiveCfg = Release|Any CPU
		{86B3385C-2F71-40C2-BB58-8FE4EAD7C4FF}.Release|Any CPU.Build.0 = Release|Any CPU
		{471D38C8-6CA6-423D-B29F-6C3534FB1DE3}.Debug|Any CPU.ActiveCfg = Debug|Any CPU
		{471D38C8-6CA6-423D-B29F-6C3534FB1DE3}.Debug|Any CPU.Build.0 = Debug|Any CPU
		{471D38C8-6CA6-423D-B29F-6C3534FB1DE3}.Release|Any CPU.ActiveCfg = Release|Any CPU
		{471D38C8-6CA6-423D-B29F-6C3534FB1DE3}.Release|Any CPU.Build.0 = Release|Any CPU
		{81F499D9-E3C2-431E-84A5-2D051F89C46D}.Debug|Any CPU.ActiveCfg = Debug|Any CPU
		{81F499D9-E3C2-431E-84A5-2D051F89C46D}.Debug|Any CPU.Build.0 = Debug|Any CPU
		{81F499D9-E3C2-431E-84A5-2D051F89C46D}.Release|Any CPU.ActiveCfg = Release|Any CPU
		{81F499D9-E3C2-431E-84A5-2D051F89C46D}.Release|Any CPU.Build.0 = Release|Any CPU
		{575D35DC-2DD8-4391-A37B-A506D4F13EC3}.Debug|Any CPU.ActiveCfg = Debug|Any CPU
		{575D35DC-2DD8-4391-A37B-A506D4F13EC3}.Debug|Any CPU.Build.0 = Debug|Any CPU
		{575D35DC-2DD8-4391-A37B-A506D4F13EC3}.Release|Any CPU.ActiveCfg = Release|Any CPU
		{575D35DC-2DD8-4391-A37B-A506D4F13EC3}.Release|Any CPU.Build.0 = Release|Any CPU
		{044D57AB-337D-4443-BE0B-085069F52787}.Debug|Any CPU.ActiveCfg = Debug|Any CPU
		{044D57AB-337D-4443-BE0B-085069F52787}.Debug|Any CPU.Build.0 = Debug|Any CPU
		{044D57AB-337D-4443-BE0B-085069F52787}.Release|Any CPU.ActiveCfg = Release|Any CPU
		{044D57AB-337D-4443-BE0B-085069F52787}.Release|Any CPU.Build.0 = Release|Any CPU
		{25F4AC4A-A7CD-4B82-96A5-1D2DAFC00B3C}.Debug|Any CPU.ActiveCfg = Debug|Any CPU
		{25F4AC4A-A7CD-4B82-96A5-1D2DAFC00B3C}.Debug|Any CPU.Build.0 = Debug|Any CPU
		{25F4AC4A-A7CD-4B82-96A5-1D2DAFC00B3C}.Release|Any CPU.ActiveCfg = Release|Any CPU
		{25F4AC4A-A7CD-4B82-96A5-1D2DAFC00B3C}.Release|Any CPU.Build.0 = Release|Any CPU
		{375B3C74-7737-46F8-8F27-02239EB4E548}.Debug|Any CPU.ActiveCfg = Debug|Any CPU
		{375B3C74-7737-46F8-8F27-02239EB4E548}.Debug|Any CPU.Build.0 = Debug|Any CPU
		{375B3C74-7737-46F8-8F27-02239EB4E548}.Release|Any CPU.ActiveCfg = Release|Any CPU
		{375B3C74-7737-46F8-8F27-02239EB4E548}.Release|Any CPU.Build.0 = Release|Any CPU
	EndGlobalSection
	GlobalSection(SolutionProperties) = preSolution
		HideSolutionNode = FALSE
	EndGlobalSection
	GlobalSection(ExtensibilityGlobals) = postSolution
		SolutionGuid = {CA823CC0-8F9D-403A-AFB3-8A55865E83E3}
	EndGlobalSection
EndGlobal
