
Microsoft Visual Studio Solution File, Format Version 12.00
# Visual Studio 15
VisualStudioVersion = 15.0.27703.2000
MinimumVisualStudioVersion = 10.0.40219.1
Project("{FAE04EC0-301F-11D3-BF4B-00C04F79EFBC}") = "DebugDemo", "DebugDemo\DebugDemo.csproj", "{BC35FFC5-F462-4754-9B83-65D02D9A194C}"
EndProject
Project("{FAE04EC0-301F-11D3-BF4B-00C04F79EFBC}") = "Variables", "Variables\Variables.csproj", "{A7476197-AEEA-4D05-A115-7FEC43E44970}"
EndProject
Project("{FAE04EC0-301F-11D3-BF4B-00C04F79EFBC}") = "SkrivTilFil", "SkrivTilFil\SkrivTilFil.csproj", "{86B3385C-2F71-40C2-BB58-8FE4EAD7C4FF}"
EndProject
Project("{FAE04EC0-301F-11D3-BF4B-00C04F79EFBC}") = "DatoOpgave", "DatoOpgave\DatoOpgave.csproj", "{471D38C8-6CA6-423D-B29F-6C3534FB1DE3}"
EndProject
Project("{FAE04EC0-301F-11D3-BF4B-00C04F79EFBC}") = "Ref-Opgave", "Ref-Opgave\Ref-Opgave.csproj", "{81F499D9-E3C2-431E-84A5-2D051F89C46D}"
EndProject
Project("{FAE04EC0-301F-11D3-BF4B-00C04F79EFBC}") = "Strenge-leg", "Strenge-leg\Strenge-leg.csproj", "{575D35DC-2DD8-4391-A37B-A506D4F13EC3}"
EndProject
Project("{FAE04EC0-301F-11D3-BF4B-00C04F79EFBC}") = "Lav-10-tabel", "Lav-10-tabel\Lav-10-tabel.csproj", "{044D57AB-337D-4443-BE0B-085069F52787}"
EndProject
Project("{FAE04EC0-301F-11D3-BF4B-00C04F79EFBC}") = "OverLoad-af-funktion", "OverLoad-af-funktion\OverLoad-af-funktion.csproj", "{25F4AC4A-A7CD-4B82-96A5-1D2DAFC00B3C}"
EndProject
Project("{FAE04EC0-301F-11D3-BF4B-00C04F79EFBC}") = "Array-opgave", "Array-opgave\Array-opgave.csproj", "{375B3C74-7737-46F8-8F27-02239EB4E548}"
EndProject
Project("{FAE04EC0-301F-11D3-BF4B-00C04F79EFBC}") = "CreatePwd", "CreatePwd\CreatePwd.csproj", "{A7913F00-7D07-4492-A270-31713461B92A}"
EndProject
Project("{FAE04EC0-301F-11D3-BF4B-00C04F79EFBC}") = "CreateRandomPwd", "CreateRandomPwd\CreateRandomPwd.csproj", "{9E33A6E7-018A-46CE-9000-2E582596C3A7}"
EndProject
Project("{FAE04EC0-301F-11D3-BF4B-00C04F79EFBC}") = "ClassStruct", "ClassStruct\ClassStruct.csproj", "{173C7AB9-52E9-4F29-9D1C-6731F7372551}"
EndProject
Project("{FAE04EC0-301F-11D3-BF4B-00C04F79EFBC}") = "OOP", "OOP\OOP.csproj", "{480645B7-3E0C-4A8D-98FF-DBA9640DCBCA}"
EndProject
Project("{FAE04EC0-301F-11D3-BF4B-00C04F79EFBC}") = "Terning", "Terning\Terning.csproj", "{C7B93132-0FF8-42E7-8ADA-A9EC5877EBD8}"
EndProject
Project("{FAE04EC0-301F-11D3-BF4B-00C04F79EFBC}") = "Vare", "Vare\Vare.csproj", "{7A777A65-205A-41BA-A278-FAB03695E56C}"
EndProject
Project("{FAE04EC0-301F-11D3-BF4B-00C04F79EFBC}") = "Trekant", "Trekant\Trekant.csproj", "{3BE1A4DF-2B4B-4EB4-8C57-6356D5A848DC}"
EndProject
Project("{FAE04EC0-301F-11D3-BF4B-00C04F79EFBC}") = "AutomatiskEgenskab", "AutomatiskEgenskab\AutomatiskEgenskab.csproj", "{DAA75407-BBBA-4268-82A1-BB0B89610EAE}"
EndProject
Project("{FAE04EC0-301F-11D3-BF4B-00C04F79EFBC}") = "MinTerning", "MinTerning\MinTerning.csproj", "{3428E9D9-6E63-4A3B-82C4-EDFCA10ED000}"
EndProject
Project("{FAE04EC0-301F-11D3-BF4B-00C04F79EFBC}") = "ArealBeregninger", "ArealBeregninger\ArealBeregninger.csproj", "{C49715FB-7DEA-4F0F-9F87-06EB13C8ACFB}"
EndProject
Project("{FAE04EC0-301F-11D3-BF4B-00C04F79EFBC}") = "Arv", "Arv\Arv.csproj", "{145D677A-548D-4DB8-9A41-DEA10CB8D696}"
EndProject
Project("{FAE04EC0-301F-11D3-BF4B-00C04F79EFBC}") = "UdvidetRandom", "UdvidetRandom\UdvidetRandom.csproj", "{30A0D748-794A-4181-8390-BE42E72B4A87}"
EndProject
Project("{FAE04EC0-301F-11D3-BF4B-00C04F79EFBC}") = "Dyr", "Dyr\Dyr.csproj", "{0CD2BFDF-2D63-48AA-81CF-8423402393BB}"
EndProject
Project("{FAE04EC0-301F-11D3-BF4B-00C04F79EFBC}") = "SimpelFejlhåndtering", "SimpelFejlhåndtering\SimpelFejlhåndtering.csproj", "{856EAE7A-C382-45F0-9C46-1746CE2B3EBD}"
EndProject
Project("{FAE04EC0-301F-11D3-BF4B-00C04F79EFBC}") = "EgenException", "EgenException\EgenException.csproj", "{3D88F5C2-5048-4F5E-BCAB-6431BE530AA6}"
EndProject
Project("{FAE04EC0-301F-11D3-BF4B-00C04F79EFBC}") = "LogDemo", "LogDemo\LogDemo.csproj", "{8688A1A9-DCDD-4568-8C94-38D61A54F123}"
EndProject
Global
	GlobalSection(SolutionConfigurationPlatforms) = preSolution
		Debug|Any CPU = Debug|Any CPU
		Release|Any CPU = Release|Any CPU
	EndGlobalSection
	GlobalSection(ProjectConfigurationPlatforms) = postSolution
		{BC35FFC5-F462-4754-9B83-65D02D9A194C}.Debug|Any CPU.ActiveCfg = Debug|Any CPU
		{BC35FFC5-F462-4754-9B83-65D02D9A194C}.Debug|Any CPU.Build.0 = Debug|Any CPU
		{BC35FFC5-F462-4754-9B83-65D02D9A194C}.Release|Any CPU.ActiveCfg = Release|Any CPU
		{BC35FFC5-F462-4754-9B83-65D02D9A194C}.Release|Any CPU.Build.0 = Release|Any CPU
		{A7476197-AEEA-4D05-A115-7FEC43E44970}.Debug|Any CPU.ActiveCfg = Debug|Any CPU
		{A7476197-AEEA-4D05-A115-7FEC43E44970}.Debug|Any CPU.Build.0 = Debug|Any CPU
		{A7476197-AEEA-4D05-A115-7FEC43E44970}.Release|Any CPU.ActiveCfg = Release|Any CPU
		{A7476197-AEEA-4D05-A115-7FEC43E44970}.Release|Any CPU.Build.0 = Release|Any CPU
		{86B3385C-2F71-40C2-BB58-8FE4EAD7C4FF}.Debug|Any CPU.ActiveCfg = Debug|Any CPU
		{86B3385C-2F71-40C2-BB58-8FE4EAD7C4FF}.Debug|Any CPU.Build.0 = Debug|Any CPU
		{86B3385C-2F71-40C2-BB58-8FE4EAD7C4FF}.Release|Any CPU.ActiveCfg = Release|Any CPU
		{86B3385C-2F71-40C2-BB58-8FE4EAD7C4FF}.Release|Any CPU.Build.0 = Release|Any CPU
		{471D38C8-6CA6-423D-B29F-6C3534FB1DE3}.Debug|Any CPU.ActiveCfg = Debug|Any CPU
		{471D38C8-6CA6-423D-B29F-6C3534FB1DE3}.Debug|Any CPU.Build.0 = Debug|Any CPU
		{471D38C8-6CA6-423D-B29F-6C3534FB1DE3}.Release|Any CPU.ActiveCfg = Release|Any CPU
		{471D38C8-6CA6-423D-B29F-6C3534FB1DE3}.Release|Any CPU.Build.0 = Release|Any CPU
		{81F499D9-E3C2-431E-84A5-2D051F89C46D}.Debug|Any CPU.ActiveCfg = Debug|Any CPU
		{81F499D9-E3C2-431E-84A5-2D051F89C46D}.Debug|Any CPU.Build.0 = Debug|Any CPU
		{81F499D9-E3C2-431E-84A5-2D051F89C46D}.Release|Any CPU.ActiveCfg = Release|Any CPU
		{81F499D9-E3C2-431E-84A5-2D051F89C46D}.Release|Any CPU.Build.0 = Release|Any CPU
		{575D35DC-2DD8-4391-A37B-A506D4F13EC3}.Debug|Any CPU.ActiveCfg = Debug|Any CPU
		{575D35DC-2DD8-4391-A37B-A506D4F13EC3}.Debug|Any CPU.Build.0 = Debug|Any CPU
		{575D35DC-2DD8-4391-A37B-A506D4F13EC3}.Release|Any CPU.ActiveCfg = Release|Any CPU
		{575D35DC-2DD8-4391-A37B-A506D4F13EC3}.Release|Any CPU.Build.0 = Release|Any CPU
		{044D57AB-337D-4443-BE0B-085069F52787}.Debug|Any CPU.ActiveCfg = Debug|Any CPU
		{044D57AB-337D-4443-BE0B-085069F52787}.Debug|Any CPU.Build.0 = Debug|Any CPU
		{044D57AB-337D-4443-BE0B-085069F52787}.Release|Any CPU.ActiveCfg = Release|Any CPU
		{044D57AB-337D-4443-BE0B-085069F52787}.Release|Any CPU.Build.0 = Release|Any CPU
		{25F4AC4A-A7CD-4B82-96A5-1D2DAFC00B3C}.Debug|Any CPU.ActiveCfg = Debug|Any CPU
		{25F4AC4A-A7CD-4B82-96A5-1D2DAFC00B3C}.Debug|Any CPU.Build.0 = Debug|Any CPU
		{25F4AC4A-A7CD-4B82-96A5-1D2DAFC00B3C}.Release|Any CPU.ActiveCfg = Release|Any CPU
		{25F4AC4A-A7CD-4B82-96A5-1D2DAFC00B3C}.Release|Any CPU.Build.0 = Release|Any CPU
		{375B3C74-7737-46F8-8F27-02239EB4E548}.Debug|Any CPU.ActiveCfg = Debug|Any CPU
		{375B3C74-7737-46F8-8F27-02239EB4E548}.Debug|Any CPU.Build.0 = Debug|Any CPU
		{375B3C74-7737-46F8-8F27-02239EB4E548}.Release|Any CPU.ActiveCfg = Release|Any CPU
		{375B3C74-7737-46F8-8F27-02239EB4E548}.Release|Any CPU.Build.0 = Release|Any CPU
		{A7913F00-7D07-4492-A270-31713461B92A}.Debug|Any CPU.ActiveCfg = Debug|Any CPU
		{A7913F00-7D07-4492-A270-31713461B92A}.Debug|Any CPU.Build.0 = Debug|Any CPU
		{A7913F00-7D07-4492-A270-31713461B92A}.Release|Any CPU.ActiveCfg = Release|Any CPU
		{A7913F00-7D07-4492-A270-31713461B92A}.Release|Any CPU.Build.0 = Release|Any CPU
		{9E33A6E7-018A-46CE-9000-2E582596C3A7}.Debug|Any CPU.ActiveCfg = Debug|Any CPU
		{9E33A6E7-018A-46CE-9000-2E582596C3A7}.Debug|Any CPU.Build.0 = Debug|Any CPU
		{9E33A6E7-018A-46CE-9000-2E582596C3A7}.Release|Any CPU.ActiveCfg = Release|Any CPU
		{9E33A6E7-018A-46CE-9000-2E582596C3A7}.Release|Any CPU.Build.0 = Release|Any CPU
		{173C7AB9-52E9-4F29-9D1C-6731F7372551}.Debug|Any CPU.ActiveCfg = Debug|Any CPU
		{173C7AB9-52E9-4F29-9D1C-6731F7372551}.Debug|Any CPU.Build.0 = Debug|Any CPU
		{173C7AB9-52E9-4F29-9D1C-6731F7372551}.Release|Any CPU.ActiveCfg = Release|Any CPU
		{173C7AB9-52E9-4F29-9D1C-6731F7372551}.Release|Any CPU.Build.0 = Release|Any CPU
		{480645B7-3E0C-4A8D-98FF-DBA9640DCBCA}.Debug|Any CPU.ActiveCfg = Debug|Any CPU
		{480645B7-3E0C-4A8D-98FF-DBA9640DCBCA}.Debug|Any CPU.Build.0 = Debug|Any CPU
		{480645B7-3E0C-4A8D-98FF-DBA9640DCBCA}.Release|Any CPU.ActiveCfg = Release|Any CPU
		{480645B7-3E0C-4A8D-98FF-DBA9640DCBCA}.Release|Any CPU.Build.0 = Release|Any CPU
		{C7B93132-0FF8-42E7-8ADA-A9EC5877EBD8}.Debug|Any CPU.ActiveCfg = Debug|Any CPU
		{C7B93132-0FF8-42E7-8ADA-A9EC5877EBD8}.Debug|Any CPU.Build.0 = Debug|Any CPU
		{C7B93132-0FF8-42E7-8ADA-A9EC5877EBD8}.Release|Any CPU.ActiveCfg = Release|Any CPU
		{C7B93132-0FF8-42E7-8ADA-A9EC5877EBD8}.Release|Any CPU.Build.0 = Release|Any CPU
		{7A777A65-205A-41BA-A278-FAB03695E56C}.Debug|Any CPU.ActiveCfg = Debug|Any CPU
		{7A777A65-205A-41BA-A278-FAB03695E56C}.Debug|Any CPU.Build.0 = Debug|Any CPU
		{7A777A65-205A-41BA-A278-FAB03695E56C}.Release|Any CPU.ActiveCfg = Release|Any CPU
		{7A777A65-205A-41BA-A278-FAB03695E56C}.Release|Any CPU.Build.0 = Release|Any CPU
		{3BE1A4DF-2B4B-4EB4-8C57-6356D5A848DC}.Debug|Any CPU.ActiveCfg = Debug|Any CPU
		{3BE1A4DF-2B4B-4EB4-8C57-6356D5A848DC}.Debug|Any CPU.Build.0 = Debug|Any CPU
		{3BE1A4DF-2B4B-4EB4-8C57-6356D5A848DC}.Release|Any CPU.ActiveCfg = Release|Any CPU
		{3BE1A4DF-2B4B-4EB4-8C57-6356D5A848DC}.Release|Any CPU.Build.0 = Release|Any CPU
		{DAA75407-BBBA-4268-82A1-BB0B89610EAE}.Debug|Any CPU.ActiveCfg = Debug|Any CPU
		{DAA75407-BBBA-4268-82A1-BB0B89610EAE}.Debug|Any CPU.Build.0 = Debug|Any CPU
		{DAA75407-BBBA-4268-82A1-BB0B89610EAE}.Release|Any CPU.ActiveCfg = Release|Any CPU
		{DAA75407-BBBA-4268-82A1-BB0B89610EAE}.Release|Any CPU.Build.0 = Release|Any CPU
		{3428E9D9-6E63-4A3B-82C4-EDFCA10ED000}.Debug|Any CPU.ActiveCfg = Debug|Any CPU
		{3428E9D9-6E63-4A3B-82C4-EDFCA10ED000}.Debug|Any CPU.Build.0 = Debug|Any CPU
		{3428E9D9-6E63-4A3B-82C4-EDFCA10ED000}.Release|Any CPU.ActiveCfg = Release|Any CPU
		{3428E9D9-6E63-4A3B-82C4-EDFCA10ED000}.Release|Any CPU.Build.0 = Release|Any CPU
		{C49715FB-7DEA-4F0F-9F87-06EB13C8ACFB}.Debug|Any CPU.ActiveCfg = Debug|Any CPU
		{C49715FB-7DEA-4F0F-9F87-06EB13C8ACFB}.Debug|Any CPU.Build.0 = Debug|Any CPU
		{C49715FB-7DEA-4F0F-9F87-06EB13C8ACFB}.Release|Any CPU.ActiveCfg = Release|Any CPU
		{C49715FB-7DEA-4F0F-9F87-06EB13C8ACFB}.Release|Any CPU.Build.0 = Release|Any CPU
		{145D677A-548D-4DB8-9A41-DEA10CB8D696}.Debug|Any CPU.ActiveCfg = Debug|Any CPU
		{145D677A-548D-4DB8-9A41-DEA10CB8D696}.Debug|Any CPU.Build.0 = Debug|Any CPU
		{145D677A-548D-4DB8-9A41-DEA10CB8D696}.Release|Any CPU.ActiveCfg = Release|Any CPU
		{145D677A-548D-4DB8-9A41-DEA10CB8D696}.Release|Any CPU.Build.0 = Release|Any CPU
		{30A0D748-794A-4181-8390-BE42E72B4A87}.Debug|Any CPU.ActiveCfg = Debug|Any CPU
		{30A0D748-794A-4181-8390-BE42E72B4A87}.Debug|Any CPU.Build.0 = Debug|Any CPU
		{30A0D748-794A-4181-8390-BE42E72B4A87}.Release|Any CPU.ActiveCfg = Release|Any CPU
		{30A0D748-794A-4181-8390-BE42E72B4A87}.Release|Any CPU.Build.0 = Release|Any CPU
		{0CD2BFDF-2D63-48AA-81CF-8423402393BB}.Debug|Any CPU.ActiveCfg = Debug|Any CPU
		{0CD2BFDF-2D63-48AA-81CF-8423402393BB}.Debug|Any CPU.Build.0 = Debug|Any CPU
		{0CD2BFDF-2D63-48AA-81CF-8423402393BB}.Release|Any CPU.ActiveCfg = Release|Any CPU
		{0CD2BFDF-2D63-48AA-81CF-8423402393BB}.Release|Any CPU.Build.0 = Release|Any CPU
		{856EAE7A-C382-45F0-9C46-1746CE2B3EBD}.Debug|Any CPU.ActiveCfg = Debug|Any CPU
		{856EAE7A-C382-45F0-9C46-1746CE2B3EBD}.Debug|Any CPU.Build.0 = Debug|Any CPU
		{856EAE7A-C382-45F0-9C46-1746CE2B3EBD}.Release|Any CPU.ActiveCfg = Release|Any CPU
		{856EAE7A-C382-45F0-9C46-1746CE2B3EBD}.Release|Any CPU.Build.0 = Release|Any CPU
		{3D88F5C2-5048-4F5E-BCAB-6431BE530AA6}.Debug|Any CPU.ActiveCfg = Debug|Any CPU
		{3D88F5C2-5048-4F5E-BCAB-6431BE530AA6}.Debug|Any CPU.Build.0 = Debug|Any CPU
		{3D88F5C2-5048-4F5E-BCAB-6431BE530AA6}.Release|Any CPU.ActiveCfg = Release|Any CPU
		{3D88F5C2-5048-4F5E-BCAB-6431BE530AA6}.Release|Any CPU.Build.0 = Release|Any CPU
		{8688A1A9-DCDD-4568-8C94-38D61A54F123}.Debug|Any CPU.ActiveCfg = Debug|Any CPU
		{8688A1A9-DCDD-4568-8C94-38D61A54F123}.Debug|Any CPU.Build.0 = Debug|Any CPU
		{8688A1A9-DCDD-4568-8C94-38D61A54F123}.Release|Any CPU.ActiveCfg = Release|Any CPU
		{8688A1A9-DCDD-4568-8C94-38D61A54F123}.Release|Any CPU.Build.0 = Release|Any CPU
	EndGlobalSection
	GlobalSection(SolutionProperties) = preSolution
		HideSolutionNode = FALSE
	EndGlobalSection
	GlobalSection(ExtensibilityGlobals) = postSolution
		SolutionGuid = {CA823CC0-8F9D-403A-AFB3-8A55865E83E3}
	EndGlobalSection
EndGlobal
